// !$*UTF8*$!
{
	archiveVersion = 1;
	classes = {
	};
	objectVersion = 77;
	objects = {

/* Begin PBXContainerItemProxy section */
		390A812C2D9F7237005BB430 /* PBXContainerItemProxy */ = {
			isa = PBXContainerItemProxy;
			containerPortal = 390A81132D9F7235005BB430 /* Project object */;
			proxyType = 1;
			remoteGlobalIDString = 390A811A2D9F7235005BB430;
			remoteInfo = AccessoryDetector;
		};
		390A81362D9F7237005BB430 /* PBXContainerItemProxy */ = {
			isa = PBXContainerItemProxy;
			containerPortal = 390A81132D9F7235005BB430 /* Project object */;
			proxyType = 1;
			remoteGlobalIDString = 390A811A2D9F7235005BB430;
			remoteInfo = AccessoryDetector;
		};
/* End PBXContainerItemProxy section */

/* Begin PBXFileReference section */
		390A811B2D9F7235005BB430 /* AccessoryDetector.app */ = {isa = PBXFileReference; explicitFileType = wrapper.application; includeInIndex = 0; path = AccessoryDetector.app; sourceTree = BUILT_PRODUCTS_DIR; };
		390A812B2D9F7237005BB430 /* AccessoryDetectorTests.xctest */ = {isa = PBXFileReference; explicitFileType = wrapper.cfbundle; includeInIndex = 0; path = AccessoryDetectorTests.xctest; sourceTree = BUILT_PRODUCTS_DIR; };
		390A81352D9F7237005BB430 /* AccessoryDetectorUITests.xctest */ = {isa = PBXFileReference; explicitFileType = wrapper.cfbundle; includeInIndex = 0; path = AccessoryDetectorUITests.xctest; sourceTree = BUILT_PRODUCTS_DIR; };
/* End PBXFileReference section */

/* Begin PBXFileSystemSynchronizedRootGroup section */
		390A811D2D9F7235005BB430 /* AccessoryDetector */ = {
			isa = PBXFileSystemSynchronizedRootGroup;
			path = AccessoryDetector;
			sourceTree = "<group>";
		};
		390A812E2D9F7237005BB430 /* AccessoryDetectorTests */ = {
			isa = PBXFileSystemSynchronizedRootGroup;
			path = AccessoryDetectorTests;
			sourceTree = "<group>";
		};
		390A81382D9F7237005BB430 /* AccessoryDetectorUITests */ = {
			isa = PBXFileSystemSynchronizedRootGroup;
			path = AccessoryDetectorUITests;
			sourceTree = "<group>";
		};
/* End PBXFileSystemSynchronizedRootGroup section */

/* Begin PBXFrameworksBuildPhase section */
		390A81182D9F7235005BB430 /* Frameworks */ = {
			isa = PBXFrameworksBuildPhase;
			buildActionMask = 2147483647;
			files = (
			);
			runOnlyForDeploymentPostprocessing = 0;
		};
		390A81282D9F7237005BB430 /* Frameworks */ = {
			isa = PBXFrameworksBuildPhase;
			buildActionMask = 2147483647;
			files = (
			);
			runOnlyForDeploymentPostprocessing = 0;
		};
		390A81322D9F7237005BB430 /* Frameworks */ = {
			isa = PBXFrameworksBuildPhase;
			buildActionMask = 2147483647;
			files = (
			);
			runOnlyForDeploymentPostprocessing = 0;
		};
/* End PBXFrameworksBuildPhase section */

/* Begin PBXGroup section */
		390A81122D9F7235005BB430 = {
			isa = PBXGroup;
			children = (
				390A811D2D9F7235005BB430 /* AccessoryDetector */,
				390A812E2D9F7237005BB430 /* AccessoryDetectorTests */,
				390A81382D9F7237005BB430 /* AccessoryDetectorUITests */,
				390A811C2D9F7235005BB430 /* Products */,
			);
			sourceTree = "<group>";
		};
		390A811C2D9F7235005BB430 /* Products */ = {
			isa = PBXGroup;
			children = (
				390A811B2D9F7235005BB430 /* AccessoryDetector.app */,
				390A812B2D9F7237005BB430 /* AccessoryDetectorTests.xctest */,
				390A81352D9F7237005BB430 /* AccessoryDetectorUITests.xctest */,
			);
			name = Products;
			sourceTree = "<group>";
		};
/* End PBXGroup section */

/* Begin PBXNativeTarget section */
		390A811A2D9F7235005BB430 /* AccessoryDetector */ = {
			isa = PBXNativeTarget;
			buildConfigurationList = 390A813F2D9F7237005BB430 /* Build configuration list for PBXNativeTarget "AccessoryDetector" */;
			buildPhases = (
				390A81172D9F7235005BB430 /* Sources */,
				390A81182D9F7235005BB430 /* Frameworks */,
				390A81192D9F7235005BB430 /* Resources */,
			);
			buildRules = (
			);
			dependencies = (
			);
			fileSystemSynchronizedGroups = (
				390A811D2D9F7235005BB430 /* AccessoryDetector */,
			);
			name = AccessoryDetector;
			packageProductDependencies = (
			);
			productName = AccessoryDetector;
			productReference = 390A811B2D9F7235005BB430 /* AccessoryDetector.app */;
			productType = "com.apple.product-type.application";
		};
		390A812A2D9F7237005BB430 /* AccessoryDetectorTests */ = {
			isa = PBXNativeTarget;
			buildConfigurationList = 390A81422D9F7237005BB430 /* Build configuration list for PBXNativeTarget "AccessoryDetectorTests" */;
			buildPhases = (
				390A81272D9F7237005BB430 /* Sources */,
				390A81282D9F7237005BB430 /* Frameworks */,
				390A81292D9F7237005BB430 /* Resources */,
			);
			buildRules = (
			);
			dependencies = (
				390A812D2D9F7237005BB430 /* PBXTargetDependency */,
			);
			fileSystemSynchronizedGroups = (
				390A812E2D9F7237005BB430 /* AccessoryDetectorTests */,
			);
			name = AccessoryDetectorTests;
			packageProductDependencies = (
			);
			productName = AccessoryDetectorTests;
			productReference = 390A812B2D9F7237005BB430 /* AccessoryDetectorTests.xctest */;
			productType = "com.apple.product-type.bundle.unit-test";
		};
		390A81342D9F7237005BB430 /* AccessoryDetectorUITests */ = {
			isa = PBXNativeTarget;
			buildConfigurationList = 390A81452D9F7237005BB430 /* Build configuration list for PBXNativeTarget "AccessoryDetectorUITests" */;
			buildPhases = (
				390A81312D9F7237005BB430 /* Sources */,
				390A81322D9F7237005BB430 /* Frameworks */,
				390A81332D9F7237005BB430 /* Resources */,
			);
			buildRules = (
			);
			dependencies = (
				390A81372D9F7237005BB430 /* PBXTargetDependency */,
			);
			fileSystemSynchronizedGroups = (
				390A81382D9F7237005BB430 /* AccessoryDetectorUITests */,
			);
			name = AccessoryDetectorUITests;
			packageProductDependencies = (
			);
			productName = AccessoryDetectorUITests;
			productReference = 390A81352D9F7237005BB430 /* AccessoryDetectorUITests.xctest */;
			productType = "com.apple.product-type.bundle.ui-testing";
		};
/* End PBXNativeTarget section */

/* Begin PBXProject section */
		390A81132D9F7235005BB430 /* Project object */ = {
			isa = PBXProject;
			attributes = {
				BuildIndependentTargetsInParallel = 1;
				LastSwiftUpdateCheck = 1600;
				LastUpgradeCheck = 1600;
				TargetAttributes = {
					390A811A2D9F7235005BB430 = {
						CreatedOnToolsVersion = 16.0;
					};
					390A812A2D9F7237005BB430 = {
						CreatedOnToolsVersion = 16.0;
						TestTargetID = 390A811A2D9F7235005BB430;
					};
					390A81342D9F7237005BB430 = {
						CreatedOnToolsVersion = 16.0;
						TestTargetID = 390A811A2D9F7235005BB430;
					};
				};
			};
			buildConfigurationList = 390A81162D9F7235005BB430 /* Build configuration list for PBXProject "AccessoryDetector" */;
			developmentRegion = en;
			hasScannedForEncodings = 0;
			knownRegions = (
				en,
				Base,
			);
			mainGroup = 390A81122D9F7235005BB430;
			minimizedProjectReferenceProxies = 1;
			preferredProjectObjectVersion = 77;
			productRefGroup = 390A811C2D9F7235005BB430 /* Products */;
			projectDirPath = "";
			projectRoot = "";
			targets = (
				390A811A2D9F7235005BB430 /* AccessoryDetector */,
				390A812A2D9F7237005BB430 /* AccessoryDetectorTests */,
				390A81342D9F7237005BB430 /* AccessoryDetectorUITests */,
			);
		};
/* End PBXProject section */

/* Begin PBXResourcesBuildPhase section */
		390A81192D9F7235005BB430 /* Resources */ = {
			isa = PBXResourcesBuildPhase;
			buildActionMask = 2147483647;
			files = (
			);
			runOnlyForDeploymentPostprocessing = 0;
		};
		390A81292D9F7237005BB430 /* Resources */ = {
			isa = PBXResourcesBuildPhase;
			buildActionMask = 2147483647;
			files = (
			);
			runOnlyForDeploymentPostprocessing = 0;
		};
		390A81332D9F7237005BB430 /* Resources */ = {
			isa = PBXResourcesBuildPhase;
			buildActionMask = 2147483647;
			files = (
			);
			runOnlyForDeploymentPostprocessing = 0;
		};
/* End PBXResourcesBuildPhase section */

/* Begin PBXSourcesBuildPhase section */
		390A81172D9F7235005BB430 /* Sources */ = {
			isa = PBXSourcesBuildPhase;
			buildActionMask = 2147483647;
			files = (
			);
			runOnlyForDeploymentPostprocessing = 0;
		};
		390A81272D9F7237005BB430 /* Sources */ = {
			isa = PBXSourcesBuildPhase;
			buildActionMask = 2147483647;
			files = (
			);
			runOnlyForDeploymentPostprocessing = 0;
		};
		390A81312D9F7237005BB430 /* Sources */ = {
			isa = PBXSourcesBuildPhase;
			buildActionMask = 2147483647;
			files = (
			);
			runOnlyForDeploymentPostprocessing = 0;
		};
/* End PBXSourcesBuildPhase section */

/* Begin PBXTargetDependency section */
		390A812D2D9F7237005BB430 /* PBXTargetDependency */ = {
			isa = PBXTargetDependency;
			target = 390A811A2D9F7235005BB430 /* AccessoryDetector */;
			targetProxy = 390A812C2D9F7237005BB430 /* PBXContainerItemProxy */;
		};
		390A81372D9F7237005BB430 /* PBXTargetDependency */ = {
			isa = PBXTargetDependency;
			target = 390A811A2D9F7235005BB430 /* AccessoryDetector */;
			targetProxy = 390A81362D9F7237005BB430 /* PBXContainerItemProxy */;
		};
/* End PBXTargetDependency section */

/* Begin XCBuildConfiguration section */
		390A813D2D9F7237005BB430 /* Debug */ = {
			isa = XCBuildConfiguration;
			buildSettings = {
				ALWAYS_SEARCH_USER_PATHS = NO;
				ASSETCATALOG_COMPILER_GENERATE_SWIFT_ASSET_SYMBOL_EXTENSIONS = YES;
				CLANG_ANALYZER_NONNULL = YES;
				CLANG_ANALYZER_NUMBER_OBJECT_CONVERSION = YES_AGGRESSIVE;
				CLANG_CXX_LANGUAGE_STANDARD = "gnu++20";
				CLANG_ENABLE_MODULES = YES;
				CLANG_ENABLE_OBJC_ARC = YES;
				CLANG_ENABLE_OBJC_WEAK = YES;
				CLANG_WARN_BLOCK_CAPTURE_AUTORELEASING = YES;
				CLANG_WARN_BOOL_CONVERSION = YES;
				CLANG_WARN_COMMA = YES;
				CLANG_WARN_CONSTANT_CONVERSION = YES;
				CLANG_WARN_DEPRECATED_OBJC_IMPLEMENTATIONS = YES;
				CLANG_WARN_DIRECT_OBJC_ISA_USAGE = YES_ERROR;
				CLANG_WARN_DOCUMENTATION_COMMENTS = YES;
				CLANG_WARN_EMPTY_BODY = YES;
				CLANG_WARN_ENUM_CONVERSION = YES;
				CLANG_WARN_INFINITE_RECURSION = YES;
				CLANG_WARN_INT_CONVERSION = YES;
				CLANG_WARN_NON_LITERAL_NULL_CONVERSION = YES;
				CLANG_WARN_OBJC_IMPLICIT_RETAIN_SELF = YES;
				CLANG_WARN_OBJC_LITERAL_CONVERSION = YES;
				CLANG_WARN_OBJC_ROOT_CLASS = YES_ERROR;
				CLANG_WARN_QUOTED_INCLUDE_IN_FRAMEWORK_HEADER = YES;
				CLANG_WARN_RANGE_LOOP_ANALYSIS = YES;
				CLANG_WARN_STRICT_PROTOTYPES = YES;
				CLANG_WARN_SUSPICIOUS_MOVE = YES;
				CLANG_WARN_UNGUARDED_AVAILABILITY = YES_AGGRESSIVE;
				CLANG_WARN_UNREACHABLE_CODE = YES;
				CLANG_WARN__DUPLICATE_METHOD_MATCH = YES;
				COPY_PHASE_STRIP = NO;
				DEBUG_INFORMATION_FORMAT = dwarf;
				ENABLE_STRICT_OBJC_MSGSEND = YES;
				ENABLE_TESTABILITY = YES;
				ENABLE_USER_SCRIPT_SANDBOXING = YES;
				GCC_C_LANGUAGE_STANDARD = gnu17;
				GCC_DYNAMIC_NO_PIC = NO;
				GCC_NO_COMMON_BLOCKS = YES;
				GCC_OPTIMIZATION_LEVEL = 0;
				GCC_PREPROCESSOR_DEFINITIONS = (
					"DEBUG=1",
					"$(inherited)",
				);
				GCC_WARN_64_TO_32_BIT_CONVERSION = YES;
				GCC_WARN_ABOUT_RETURN_TYPE = YES_ERROR;
				GCC_WARN_UNDECLARED_SELECTOR = YES;
				GCC_WARN_UNINITIALIZED_AUTOS = YES_AGGRESSIVE;
				GCC_WARN_UNUSED_FUNCTION = YES;
				GCC_WARN_UNUSED_VARIABLE = YES;
				IPHONEOS_DEPLOYMENT_TARGET = 18.0;
				LOCALIZATION_PREFERS_STRING_CATALOGS = YES;
				MTL_ENABLE_DEBUG_INFO = INCLUDE_SOURCE;
				MTL_FAST_MATH = YES;
				ONLY_ACTIVE_ARCH = YES;
				SDKROOT = iphoneos;
				SWIFT_ACTIVE_COMPILATION_CONDITIONS = "DEBUG $(inherited)";
				SWIFT_OPTIMIZATION_LEVEL = "-Onone";
			};
			name = Debug;
		};
		390A813E2D9F7237005BB430 /* Release */ = {
			isa = XCBuildConfiguration;
			buildSettings = {
				ALWAYS_SEARCH_USER_PATHS = NO;
				ASSETCATALOG_COMPILER_GENERATE_SWIFT_ASSET_SYMBOL_EXTENSIONS = YES;
				CLANG_ANALYZER_NONNULL = YES;
				CLANG_ANALYZER_NUMBER_OBJECT_CONVERSION = YES_AGGRESSIVE;
				CLANG_CXX_LANGUAGE_STANDARD = "gnu++20";
				CLANG_ENABLE_MODULES = YES;
				CLANG_ENABLE_OBJC_ARC = YES;
				CLANG_ENABLE_OBJC_WEAK = YES;
				CLANG_WARN_BLOCK_CAPTURE_AUTORELEASING = YES;
				CLANG_WARN_BOOL_CONVERSION = YES;
				CLANG_WARN_COMMA = YES;
				CLANG_WARN_CONSTANT_CONVERSION = YES;
				CLANG_WARN_DEPRECATED_OBJC_IMPLEMENTATIONS = YES;
				CLANG_WARN_DIRECT_OBJC_ISA_USAGE = YES_ERROR;
				CLANG_WARN_DOCUMENTATION_COMMENTS = YES;
				CLANG_WARN_EMPTY_BODY = YES;
				CLANG_WARN_ENUM_CONVERSION = YES;
				CLANG_WARN_INFINITE_RECURSION = YES;
				CLANG_WARN_INT_CONVERSION = YES;
				CLANG_WARN_NON_LITERAL_NULL_CONVERSION = YES;
				CLANG_WARN_OBJC_IMPLICIT_RETAIN_SELF = YES;
				CLANG_WARN_OBJC_LITERAL_CONVERSION = YES;
				CLANG_WARN_OBJC_ROOT_CLASS = YES_ERROR;
				CLANG_WARN_QUOTED_INCLUDE_IN_FRAMEWORK_HEADER = YES;
				CLANG_WARN_RANGE_LOOP_ANALYSIS = YES;
				CLANG_WARN_STRICT_PROTOTYPES = YES;
				CLANG_WARN_SUSPICIOUS_MOVE = YES;
				CLANG_WARN_UNGUARDED_AVAILABILITY = YES_AGGRESSIVE;
				CLANG_WARN_UNREACHABLE_CODE = YES;
				CLANG_WARN__DUPLICATE_METHOD_MATCH = YES;
				COPY_PHASE_STRIP = NO;
				DEBUG_INFORMATION_FORMAT = "dwarf-with-dsym";
				ENABLE_NS_ASSERTIONS = NO;
				ENABLE_STRICT_OBJC_MSGSEND = YES;
				ENABLE_USER_SCRIPT_SANDBOXING = YES;
				GCC_C_LANGUAGE_STANDARD = gnu17;
				GCC_NO_COMMON_BLOCKS = YES;
				GCC_WARN_64_TO_32_BIT_CONVERSION = YES;
				GCC_WARN_ABOUT_RETURN_TYPE = YES_ERROR;
				GCC_WARN_UNDECLARED_SELECTOR = YES;
				GCC_WARN_UNINITIALIZED_AUTOS = YES_AGGRESSIVE;
				GCC_WARN_UNUSED_FUNCTION = YES;
				GCC_WARN_UNUSED_VARIABLE = YES;
				IPHONEOS_DEPLOYMENT_TARGET = 18.0;
				LOCALIZATION_PREFERS_STRING_CATALOGS = YES;
				MTL_ENABLE_DEBUG_INFO = NO;
				MTL_FAST_MATH = YES;
				SDKROOT = iphoneos;
				SWIFT_COMPILATION_MODE = wholemodule;
				VALIDATE_PRODUCT = YES;
			};
			name = Release;
		};
		390A81402D9F7237005BB430 /* Debug */ = {
			isa = XCBuildConfiguration;
			buildSettings = {
				ASSETCATALOG_COMPILER_APPICON_NAME = AppIcon;
				ASSETCATALOG_COMPILER_GLOBAL_ACCENT_COLOR_NAME = AccentColor;
				CODE_SIGN_STYLE = Automatic;
				CURRENT_PROJECT_VERSION = 1;
				DEVELOPMENT_ASSET_PATHS = "\"AccessoryDetector/Preview Content\"";
				DEVELOPMENT_TEAM = 7NP5RT9Y45;
				ENABLE_PREVIEWS = YES;
				GENERATE_INFOPLIST_FILE = YES;
				INFOPLIST_KEY_UIApplicationSceneManifest_Generation = YES;
				INFOPLIST_KEY_UIApplicationSupportsIndirectInputEvents = YES;
				INFOPLIST_KEY_UILaunchScreen_Generation = YES;
				INFOPLIST_KEY_UISupportedInterfaceOrientations_iPad = "UIInterfaceOrientationPortrait UIInterfaceOrientationPortraitUpsideDown UIInterfaceOrientationLandscapeLeft UIInterfaceOrientationLandscapeRight";
				INFOPLIST_KEY_UISupportedInterfaceOrientations_iPhone = "UIInterfaceOrientationPortrait UIInterfaceOrientationLandscapeLeft UIInterfaceOrientationLandscapeRight";
				LD_RUNPATH_SEARCH_PATHS = (
					"$(inherited)",
					"@executable_path/Frameworks",
				);
				MARKETING_VERSION = 1.0;
				PRODUCT_BUNDLE_IDENTIFIER = com.doordash.AccessoryDetector;
				PRODUCT_NAME = "$(TARGET_NAME)";
				SWIFT_EMIT_LOC_STRINGS = YES;
				SWIFT_VERSION = 5.0;
				TARGETED_DEVICE_FAMILY = "1,2";
			};
			name = Debug;
		};
		390A81412D9F7237005BB430 /* Release */ = {
			isa = XCBuildConfiguration;
			buildSettings = {
				ASSETCATALOG_COMPILER_APPICON_NAME = AppIcon;
				ASSETCATALOG_COMPILER_GLOBAL_ACCENT_COLOR_NAME = AccentColor;
				CODE_SIGN_STYLE = Automatic;
				CURRENT_PROJECT_VERSION = 1;
				DEVELOPMENT_ASSET_PATHS = "\"AccessoryDetector/Preview Content\"";
				DEVELOPMENT_TEAM = 7NP5RT9Y45;
				ENABLE_PREVIEWS = YES;
				GENERATE_INFOPLIST_FILE = YES;
				INFOPLIST_KEY_UIApplicationSceneManifest_Generation = YES;
				INFOPLIST_KEY_UIApplicationSupportsIndirectInputEvents = YES;
				INFOPLIST_KEY_UILaunchScreen_Generation = YES;
				INFOPLIST_KEY_UISupportedInterfaceOrientations_iPad = "UIInterfaceOrientationPortrait UIInterfaceOrientationPortraitUpsideDown UIInterfaceOrientationLandscapeLeft UIInterfaceOrientationLandscapeRight";
				INFOPLIST_KEY_UISupportedInterfaceOrientations_iPhone = "UIInterfaceOrientationPortrait UIInterfaceOrientationLandscapeLeft UIInterfaceOrientationLandscapeRight";
				LD_RUNPATH_SEARCH_PATHS = (
					"$(inherited)",
					"@executable_path/Frameworks",
				);
				MARKETING_VERSION = 1.0;
				PRODUCT_BUNDLE_IDENTIFIER = com.doordash.AccessoryDetector;
				PRODUCT_NAME = "$(TARGET_NAME)";
				SWIFT_EMIT_LOC_STRINGS = YES;
				SWIFT_VERSION = 5.0;
				TARGETED_DEVICE_FAMILY = "1,2";
			};
			name = Release;
		};
		390A81432D9F7237005BB430 /* Debug */ = {
			isa = XCBuildConfiguration;
			buildSettings = {
				BUNDLE_LOADER = "$(TEST_HOST)";
				CODE_SIGN_STYLE = Automatic;
				CURRENT_PROJECT_VERSION = 1;
				DEVELOPMENT_TEAM = 7NP5RT9Y45;
				GENERATE_INFOPLIST_FILE = YES;
				IPHONEOS_DEPLOYMENT_TARGET = 18.0;
				MARKETING_VERSION = 1.0;
				PRODUCT_BUNDLE_IDENTIFIER = com.doordash.AccessoryDetectorTests;
				PRODUCT_NAME = "$(TARGET_NAME)";
				SWIFT_EMIT_LOC_STRINGS = NO;
				SWIFT_VERSION = 5.0;
				TARGETED_DEVICE_FAMILY = "1,2";
				TEST_HOST = "$(BUILT_PRODUCTS_DIR)/AccessoryDetector.app/$(BUNDLE_EXECUTABLE_FOLDER_PATH)/AccessoryDetector";
			};
			name = Debug;
		};
		390A81442D9F7237005BB430 /* Release */ = {
			isa = XCBuildConfiguration;
			buildSettings = {
				BUNDLE_LOADER = "$(TEST_HOST)";
				CODE_SIGN_STYLE = Automatic;
				CURRENT_PROJECT_VERSION = 1;
				DEVELOPMENT_TEAM = 7NP5RT9Y45;
				GENERATE_INFOPLIST_FILE = YES;
				IPHONEOS_DEPLOYMENT_TARGET = 18.0;
				MARKETING_VERSION = 1.0;
				PRODUCT_BUNDLE_IDENTIFIER = com.doordash.AccessoryDetectorTests;
				PRODUCT_NAME = "$(TARGET_NAME)";
				SWIFT_EMIT_LOC_STRINGS = NO;
				SWIFT_VERSION = 5.0;
				TARGETED_DEVICE_FAMILY = "1,2";
				TEST_HOST = "$(BUILT_PRODUCTS_DIR)/AccessoryDetector.app/$(BUNDLE_EXECUTABLE_FOLDER_PATH)/AccessoryDetector";
			};
			name = Release;
		};
		390A81462D9F7237005BB430 /* Debug */ = {
			isa = XCBuildConfiguration;
			buildSettings = {
				CODE_SIGN_STYLE = Automatic;
				CURRENT_PROJECT_VERSION = 1;
				DEVELOPMENT_TEAM = 7NP5RT9Y45;
				GENERATE_INFOPLIST_FILE = YES;
				MARKETING_VERSION = 1.0;
				PRODUCT_BUNDLE_IDENTIFIER = com.doordash.AccessoryDetectorUITests;
				PRODUCT_NAME = "$(TARGET_NAME)";
				SWIFT_EMIT_LOC_STRINGS = NO;
				SWIFT_VERSION = 5.0;
				TARGETED_DEVICE_FAMILY = "1,2";
				TEST_TARGET_NAME = AccessoryDetector;
			};
			name = Debug;
		};
		390A81472D9F7237005BB430 /* Release */ = {
			isa = XCBuildConfiguration;
			buildSettings = {
				CODE_SIGN_STYLE = Automatic;
				CURRENT_PROJECT_VERSION = 1;
				DEVELOPMENT_TEAM = 7NP5RT9Y45;
				GENERATE_INFOPLIST_FILE = YES;
				MARKETING_VERSION = 1.0;
				PRODUCT_BUNDLE_IDENTIFIER = com.doordash.AccessoryDetectorUITests;
				PRODUCT_NAME = "$(TARGET_NAME)";
				SWIFT_EMIT_LOC_STRINGS = NO;
				SWIFT_VERSION = 5.0;
				TARGETED_DEVICE_FAMILY = "1,2";
				TEST_TARGET_NAME = AccessoryDetector;
			};
			name = Release;
		};
/* End XCBuildConfiguration section */

/* Begin XCConfigurationList section */
		390A81162D9F7235005BB430 /* Build configuration list for PBXProject "AccessoryDetector" */ = {
			isa = XCConfigurationList;
			buildConfigurations = (
				390A813D2D9F7237005BB430 /* Debug */,
				390A813E2D9F7237005BB430 /* Release */,
			);
			defaultConfigurationIsVisible = 0;
			defaultConfigurationName = Release;
		};
		390A813F2D9F7237005BB430 /* Build configuration list for PBXNativeTarget "AccessoryDetector" */ = {
			isa = XCConfigurationList;
			buildConfigurations = (
				390A81402D9F7237005BB430 /* Debug */,
				390A81412D9F7237005BB430 /* Release */,
			);
			defaultConfigurationIsVisible = 0;
			defaultConfigurationName = Release;
		};
		390A81422D9F7237005BB430 /* Build configuration list for PBXNativeTarget "AccessoryDetectorTests" */ = {
			isa = XCConfigurationList;
			buildConfigurations = (
				390A81432D9F7237005BB430 /* Debug */,
				390A81442D9F7237005BB430 /* Release */,
			);
			defaultConfigurationIsVisible = 0;
			defaultConfigurationName = Release;
		};
		390A81452D9F7237005BB430 /* Build configuration list for PBXNativeTarget "AccessoryDetectorUITests" */ = {
			isa = XCConfigurationList;
			buildConfigurations = (
				390A81462D9F7237005BB430 /* Debug */,
				390A81472D9F7237005BB430 /* Release */,
			);
			defaultConfigurationIsVisible = 0;
			defaultConfigurationName = Release;
		};
/* End XCConfigurationList section */
	};
	rootObject = 390A81132D9F7235005BB430 /* Project object */;
}
